
Microsoft Visual Studio Solution File, Format Version 12.00
# Visual Studio Version 17
VisualStudioVersion = 17.10.35122.118
MinimumVisualStudioVersion = 10.0.40219.1
Project("{FAE04EC0-301F-11D3-BF4B-00C04F79EFBC}") = "Trang57", "Trang57.csproj", "{283E39BE-4C0C-4A90-B14D-37EAD14456F5}"
EndProject
Global
	GlobalSection(SolutionConfigurationPlatforms) = preSolution
		Debug|Any CPU = Debug|Any CPU
		Release|Any CPU = Release|Any CPU
	EndGlobalSection
	GlobalSection(ProjectConfigurationPlatforms) = postSolution
		{283E39BE-4C0C-4A90-B14D-37EAD14456F5}.Debug|Any CPU.ActiveCfg = Debug|Any CPU
		{283E39BE-4C0C-4A90-B14D-37EAD14456F5}.Debug|Any CPU.Build.0 = Debug|Any CPU
		{283E39BE-4C0C-4A90-B14D-37EAD14456F5}.Release|Any CPU.ActiveCfg = Release|Any CPU
		{283E39BE-4C0C-4A90-B14D-37EAD14456F5}.Release|Any CPU.Build.0 = Release|Any CPU
	EndGlobalSection
	GlobalSection(SolutionProperties) = preSolution
		HideSolutionNode = FALSE
	EndGlobalSection
	GlobalSection(ExtensibilityGlobals) = postSolution
		SolutionGuid = {1C6D64E5-6930-4CD0-A62F-D777C86B3AA3}
	EndGlobalSection
EndGlobal
