
Microsoft Visual Studio Solution File, Format Version 12.00
# Visual Studio Version 17
VisualStudioVersion = 17.10.35122.118
MinimumVisualStudioVersion = 10.0.40219.1
Project("{FAE04EC0-301F-11D3-BF4B-00C04F79EFBC}") = "Trang56", "Trang56.csproj", "{393DF5CF-7841-47EB-A1F1-BA6444DAFCBF}"
EndProject
Global
	GlobalSection(SolutionConfigurationPlatforms) = preSolution
		Debug|Any CPU = Debug|Any CPU
		Release|Any CPU = Release|Any CPU
	EndGlobalSection
	GlobalSection(ProjectConfigurationPlatforms) = postSolution
		{393DF5CF-7841-47EB-A1F1-BA6444DAFCBF}.Debug|Any CPU.ActiveCfg = Debug|Any CPU
		{393DF5CF-7841-47EB-A1F1-BA6444DAFCBF}.Debug|Any CPU.Build.0 = Debug|Any CPU
		{393DF5CF-7841-47EB-A1F1-BA6444DAFCBF}.Release|Any CPU.ActiveCfg = Release|Any CPU
		{393DF5CF-7841-47EB-A1F1-BA6444DAFCBF}.Release|Any CPU.Build.0 = Release|Any CPU
	EndGlobalSection
	GlobalSection(SolutionProperties) = preSolution
		HideSolutionNode = FALSE
	EndGlobalSection
	GlobalSection(ExtensibilityGlobals) = postSolution
		SolutionGuid = {67BBEC7D-E074-4EAC-AA14-377BA9875F14}
	EndGlobalSection
EndGlobal
