
Microsoft Visual Studio Solution File, Format Version 12.00
# Visual Studio Version 17
VisualStudioVersion = 17.10.35122.118
MinimumVisualStudioVersion = 10.0.40219.1
Project("{FAE04EC0-301F-11D3-BF4B-00C04F79EFBC}") = "Trang42", "Trang42.csproj", "{EFF1DBE5-65AF-404F-8235-28E93271CB7F}"
EndProject
Global
	GlobalSection(SolutionConfigurationPlatforms) = preSolution
		Debug|Any CPU = Debug|Any CPU
		Release|Any CPU = Release|Any CPU
	EndGlobalSection
	GlobalSection(ProjectConfigurationPlatforms) = postSolution
		{EFF1DBE5-65AF-404F-8235-28E93271CB7F}.Debug|Any CPU.ActiveCfg = Debug|Any CPU
		{EFF1DBE5-65AF-404F-8235-28E93271CB7F}.Debug|Any CPU.Build.0 = Debug|Any CPU
		{EFF1DBE5-65AF-404F-8235-28E93271CB7F}.Release|Any CPU.ActiveCfg = Release|Any CPU
		{EFF1DBE5-65AF-404F-8235-28E93271CB7F}.Release|Any CPU.Build.0 = Release|Any CPU
	EndGlobalSection
	GlobalSection(SolutionProperties) = preSolution
		HideSolutionNode = FALSE
	EndGlobalSection
	GlobalSection(ExtensibilityGlobals) = postSolution
		SolutionGuid = {46074442-5E04-459E-B0E9-55D4B30D4439}
	EndGlobalSection
EndGlobal
